
Microsoft Visual Studio Solution File, Format Version 12.00
# Visual Studio Version 17
VisualStudioVersion = 17.8.34309.116
MinimumVisualStudioVersion = 10.0.40219.1
Project("{FAE04EC0-301F-11D3-BF4B-00C04F79EFBC}") = "Expenses_App", "Expenses_App.csproj", "{A879DBF1-BF6A-4DAB-A0F8-51AAB584CE41}"
EndProject
Global
	GlobalSection(SolutionConfigurationPlatforms) = preSolution
		Debug|Any CPU = Debug|Any CPU
		Release|Any CPU = Release|Any CPU
	EndGlobalSection
	GlobalSection(ProjectConfigurationPlatforms) = postSolution
		{A879DBF1-BF6A-4DAB-A0F8-51AAB584CE41}.Debug|Any CPU.ActiveCfg = Debug|Any CPU
		{A879DBF1-BF6A-4DAB-A0F8-51AAB584CE41}.Debug|Any CPU.Build.0 = Debug|Any CPU
		{A879DBF1-BF6A-4DAB-A0F8-51AAB584CE41}.Release|Any CPU.ActiveCfg = Release|Any CPU
		{A879DBF1-BF6A-4DAB-A0F8-51AAB584CE41}.Release|Any CPU.Build.0 = Release|Any CPU
	EndGlobalSection
	GlobalSection(SolutionProperties) = preSolution
		HideSolutionNode = FALSE
	EndGlobalSection
	GlobalSection(ExtensibilityGlobals) = postSolution
		SolutionGuid = {5B04D20C-4F94-4519-AB8D-66FE6B260346}
	EndGlobalSection
EndGlobal
